
Microsoft Visual Studio Solution File, Format Version 12.00
# Visual Studio 2015
Project("{FAE04EC0-301F-11D3-BF4B-00C04F79EFBC}") = "538BookFlip", "538BookFlip.csproj", "{1B39FE88-8DFB-4C2D-35A0-A6662A3F5097}"
EndProject
Project("{FAE04EC0-301F-11D3-BF4B-00C04F79EFBC}") = "538BookFlip.Editor", "538BookFlip.Editor.csproj", "{1E4999D3-559E-DDFC-C891-18C4C030AAEC}"
EndProject
Global
	GlobalSection(SolutionConfigurationPlatforms) = preSolution
		Debug|Any CPU = Debug|Any CPU
		Release|Any CPU = Release|Any CPU
	EndGlobalSection
	GlobalSection(ProjectConfigurationPlatforms) = postSolution
		{1B39FE88-8DFB-4C2D-35A0-A6662A3F5097}.Debug|Any CPU.ActiveCfg = Debug|Any CPU
		{1B39FE88-8DFB-4C2D-35A0-A6662A3F5097}.Debug|Any CPU.Build.0 = Debug|Any CPU
		{1B39FE88-8DFB-4C2D-35A0-A6662A3F5097}.Release|Any CPU.ActiveCfg = Release|Any CPU
		{1B39FE88-8DFB-4C2D-35A0-A6662A3F5097}.Release|Any CPU.Build.0 = Release|Any CPU
		{1E4999D3-559E-DDFC-C891-18C4C030AAEC}.Debug|Any CPU.ActiveCfg = Debug|Any CPU
		{1E4999D3-559E-DDFC-C891-18C4C030AAEC}.Debug|Any CPU.Build.0 = Debug|Any CPU
		{1E4999D3-559E-DDFC-C891-18C4C030AAEC}.Release|Any CPU.ActiveCfg = Release|Any CPU
		{1E4999D3-559E-DDFC-C891-18C4C030AAEC}.Release|Any CPU.Build.0 = Release|Any CPU
	EndGlobalSection
	GlobalSection(SolutionProperties) = preSolution
		HideSolutionNode = FALSE
	EndGlobalSection
EndGlobal
